
Microsoft Visual Studio Solution File, Format Version 12.00
# Visual Studio Version 17
VisualStudioVersion = 17.5.33627.172
MinimumVisualStudioVersion = 10.0.40219.1
Project("{FAE04EC0-301F-11D3-BF4B-00C04F79EFBC}") = "WinFormsApp1", "WinFormsApp1\WinFormsApp1.csproj", "{63CF57E4-FDA1-4215-BD32-F7A9C082B502}"
EndProject
Global
	GlobalSection(SolutionConfigurationPlatforms) = preSolution
		Debug|Any CPU = Debug|Any CPU
		Release|Any CPU = Release|Any CPU
	EndGlobalSection
	GlobalSection(ProjectConfigurationPlatforms) = postSolution
		{63CF57E4-FDA1-4215-BD32-F7A9C082B502}.Debug|Any CPU.ActiveCfg = Debug|Any CPU
		{63CF57E4-FDA1-4215-BD32-F7A9C082B502}.Debug|Any CPU.Build.0 = Debug|Any CPU
		{63CF57E4-FDA1-4215-BD32-F7A9C082B502}.Release|Any CPU.ActiveCfg = Release|Any CPU
		{63CF57E4-FDA1-4215-BD32-F7A9C082B502}.Release|Any CPU.Build.0 = Release|Any CPU
	EndGlobalSection
	GlobalSection(SolutionProperties) = preSolution
		HideSolutionNode = FALSE
	EndGlobalSection
	GlobalSection(ExtensibilityGlobals) = postSolution
		SolutionGuid = {A748E1CC-9CEE-4303-A1EF-5C09CB061AD4}
	EndGlobalSection
EndGlobal
